
Microsoft Visual Studio Solution File, Format Version 12.00
Project("{FAE04EC0-301F-11D3-BF4B-00C04F79EFBC}") = "CareerPlans", "CareerPlans\CareerPlans.csproj", "{D436A9CA-41EB-40D2-B532-2E3F114B15C9}"
EndProject
Global
	GlobalSection(SolutionConfigurationPlatforms) = preSolution
		Debug|Any CPU = Debug|Any CPU
		Release|Any CPU = Release|Any CPU
	EndGlobalSection
	GlobalSection(ProjectConfigurationPlatforms) = postSolution
		{D436A9CA-41EB-40D2-B532-2E3F114B15C9}.Debug|Any CPU.ActiveCfg = Debug|Any CPU
		{D436A9CA-41EB-40D2-B532-2E3F114B15C9}.Debug|Any CPU.Build.0 = Debug|Any CPU
		{D436A9CA-41EB-40D2-B532-2E3F114B15C9}.Release|Any CPU.ActiveCfg = Release|Any CPU
		{D436A9CA-41EB-40D2-B532-2E3F114B15C9}.Release|Any CPU.Build.0 = Release|Any CPU
	EndGlobalSection
EndGlobal
